{
  "version": 1,
  "dependencies": {
    ".NETFramework,Version=v4.8": {
      "Microsoft.CodeAnalysis.FxCopAnalyzers": {
        "type": "Direct",
        "requested": "[2.9.6, )",
        "resolved": "2.9.6",
        "contentHash": "GBZV6P8u3uIXYrlapvbpaaaB5LpF3hk+I2ThIcoVyENr8krNOovFyJhi6FQHgnxd0XLPj9J9Nt35iuqwVe/XJw==",
        "dependencies": {
          "Microsoft.CodeAnalysis.VersionCheckAnalyzer": "[2.9.6]",
          "Microsoft.CodeQuality.Analyzers": "[2.9.6]",
          "Microsoft.NetCore.Analyzers": "[2.9.6]",
          "Microsoft.NetFramework.Analyzers": "[2.9.6]"
        }
      },
      "Microsoft.NETFramework.ReferenceAssemblies": {
        "type": "Direct",
        "requested": "[1.0.3, )",
        "resolved": "1.0.3",
        "contentHash": "vUc9Npcs14QsyOD01tnv/m8sQUnGTGOw1BCmKcv77LBJY7OxhJ+zJF7UD/sCL3lYNFuqmQEVlkfS4Quif6FyYg==",
        "dependencies": {
          "Microsoft.NETFramework.ReferenceAssemblies.net48": "1.0.3"
        }
      },
      "xunit.runner.utility": {
        "type": "Direct",
        "requested": "[2.4.1, )",
        "resolved": "2.4.1",
        "contentHash": "OR1KQpDegHK9mxARihYEWSiG82ce/WbWvv7/unSyAuEsGVPpLCzYt1ExsyUE136i28qSqPmoS1Fh1hs9NmKCTQ==",
        "dependencies": {
          "xunit.abstractions": "2.0.3"
        }
      },
      "Microsoft.CodeAnalysis.VersionCheckAnalyzer": {
        "type": "Transitive",
        "resolved": "2.9.6",
        "contentHash": "Q5rRN0+9TJsfsXaGKnzDjGkUZ4Rd8ZKmpSND1j49jsmLacCspp4ZaJ31nJn76B/W0qrb4GkEBxKtj3U9lo2gqg=="
      },
      "Microsoft.CodeQuality.Analyzers": {
        "type": "Transitive",
        "resolved": "2.9.6",
        "contentHash": "jND04w/FPgfBYKkLLnosmvgHs8NMpMvQ7LQqyiCjMlKOM+MT6edgvTU0vAAowxGuLGceC6pjJm0kUVkG9qT3CQ=="
      },
      "Microsoft.NetCore.Analyzers": {
        "type": "Transitive",
        "resolved": "2.9.6",
        "contentHash": "YPcQ+gCt66btt9jNHNi4vrRK6AAP7EIO17quwUeHLUw7vhc6q18r2RYVTLKQvOQuOXs1UEYHArENpppwFP4MLA=="
      },
      "Microsoft.NetFramework.Analyzers": {
        "type": "Transitive",
        "resolved": "2.9.6",
        "contentHash": "8VyWe53rtUkgJFAkbCZY5KT2t1tEmRrdK1Z+zbyRlzoKVEHyMs0+WNBeJ8d2YB/NjXaYAlaVG2CGZFnQUrwY6A=="
      },
      "Microsoft.NETFramework.ReferenceAssemblies.net48": {
        "type": "Transitive",
        "resolved": "1.0.3",
        "contentHash": "zMk4D+9zyiEWByyQ7oPImPN/Jhpj166Ky0Nlla4eXlNL8hI/BtSJsgR8Inldd4NNpIAH3oh8yym0W2DrhXdSLQ=="
      },
      "xunit.abstractions": {
        "type": "Transitive",
        "resolved": "2.0.3",
        "contentHash": "pot1I4YOxlWjIb5jmwvvQNbTrZ3lJQ+jUGkGjWE3hEFM0l5gOnBWS+H3qsex68s5cO52g+44vpGzhAt+42vwKg=="
      }
    },
    ".NETFramework,Version=v4.8/win7-x64": {}
  }
}